
Microsoft Visual Studio Solution File, Format Version 12.00
# Visual Studio 14
VisualStudioVersion = 14.0.25420.1
MinimumVisualStudioVersion = 10.0.40219.1
Project("{FAE04EC0-301F-11D3-BF4B-00C04F79EFBC}") = "脑电波折线图", "脑电波折线图\脑电波折线图.csproj", "{846B8D6A-A903-4981-88AD-7118515EE6BC}"
EndProject
Global
	GlobalSection(SolutionConfigurationPlatforms) = preSolution
		Debug|Any CPU = Debug|Any CPU
		Release|Any CPU = Release|Any CPU
	EndGlobalSection
	GlobalSection(ProjectConfigurationPlatforms) = postSolution
		{846B8D6A-A903-4981-88AD-7118515EE6BC}.Debug|Any CPU.ActiveCfg = Debug|Any CPU
		{846B8D6A-A903-4981-88AD-7118515EE6BC}.Debug|Any CPU.Build.0 = Debug|Any CPU
		{846B8D6A-A903-4981-88AD-7118515EE6BC}.Release|Any CPU.ActiveCfg = Release|Any CPU
		{846B8D6A-A903-4981-88AD-7118515EE6BC}.Release|Any CPU.Build.0 = Release|Any CPU
	EndGlobalSection
	GlobalSection(SolutionProperties) = preSolution
		HideSolutionNode = FALSE
	EndGlobalSection
EndGlobal
